
Microsoft Visual Studio Solution File, Format Version 12.00
# Visual Studio Version 16
VisualStudioVersion = 16.0.31005.135
MinimumVisualStudioVersion = 10.0.40219.1
Project("{FAE04EC0-301F-11D3-BF4B-00C04F79EFBC}") = "ADO_HW_3", "ADO_HW_3\ADO_HW_3.csproj", "{AC652524-D2A3-40DB-9C11-2C4871EB458A}"
EndProject
Global
	GlobalSection(SolutionConfigurationPlatforms) = preSolution
		Debug|Any CPU = Debug|Any CPU
		Release|Any CPU = Release|Any CPU
	EndGlobalSection
	GlobalSection(ProjectConfigurationPlatforms) = postSolution
		{AC652524-D2A3-40DB-9C11-2C4871EB458A}.Debug|Any CPU.ActiveCfg = Debug|Any CPU
		{AC652524-D2A3-40DB-9C11-2C4871EB458A}.Debug|Any CPU.Build.0 = Debug|Any CPU
		{AC652524-D2A3-40DB-9C11-2C4871EB458A}.Release|Any CPU.ActiveCfg = Release|Any CPU
		{AC652524-D2A3-40DB-9C11-2C4871EB458A}.Release|Any CPU.Build.0 = Release|Any CPU
	EndGlobalSection
	GlobalSection(SolutionProperties) = preSolution
		HideSolutionNode = FALSE
	EndGlobalSection
	GlobalSection(ExtensibilityGlobals) = postSolution
		SolutionGuid = {3DAC6DCA-1106-43AB-B273-88E07D93D661}
	EndGlobalSection
EndGlobal
